
Microsoft Visual Studio Solution File, Format Version 12.00
# Visual Studio Version 16
VisualStudioVersion = 16.0.29519.181
MinimumVisualStudioVersion = 10.0.40219.1
Project("{9A19103F-16F7-4668-BE54-9A1E7A4F7556}") = "NorkonInterview", "NorkonInterview\NorkonInterview.csproj", "{D4F695EC-C22C-41BC-96FB-A81994D46824}"
EndProject
Global
	GlobalSection(SolutionConfigurationPlatforms) = preSolution
		Debug|Any CPU = Debug|Any CPU
		Release|Any CPU = Release|Any CPU
	EndGlobalSection
	GlobalSection(ProjectConfigurationPlatforms) = postSolution
		{D4F695EC-C22C-41BC-96FB-A81994D46824}.Debug|Any CPU.ActiveCfg = Debug|Any CPU
		{D4F695EC-C22C-41BC-96FB-A81994D46824}.Debug|Any CPU.Build.0 = Debug|Any CPU
		{D4F695EC-C22C-41BC-96FB-A81994D46824}.Release|Any CPU.ActiveCfg = Release|Any CPU
		{D4F695EC-C22C-41BC-96FB-A81994D46824}.Release|Any CPU.Build.0 = Release|Any CPU
	EndGlobalSection
	GlobalSection(SolutionProperties) = preSolution
		HideSolutionNode = FALSE
	EndGlobalSection
	GlobalSection(ExtensibilityGlobals) = postSolution
		SolutionGuid = {62CF649D-CDE9-4C01-8A83-FE0671921C21}
	EndGlobalSection
EndGlobal
